// !$*UTF8*$!
{
	archiveVersion = 1;
	classes = {
	};
	objectVersion = 50;
	objects = {

/* Begin PBXBuildFile section */
		0007C20E253ABFAD006B6906 /* UITableView+Extension.swift in Sources */ = {isa = PBXBuildFile; fileRef = 0007C20D253ABFAD006B6906 /* UITableView+Extension.swift */; };
		0007C21D253ADD79006B6906 /* MovieDetailsViewController.swift in Sources */ = {isa = PBXBuildFile; fileRef = 0007C21C253ADD79006B6906 /* MovieDetailsViewController.swift */; };
		0007C220253AE613006B6906 /* HomeRouter.swift in Sources */ = {isa = PBXBuildFile; fileRef = 0007C21F253AE613006B6906 /* HomeRouter.swift */; };
		0007C224253AE64E006B6906 /* BaseRouter.swift in Sources */ = {isa = PBXBuildFile; fileRef = 0007C223253AE64E006B6906 /* BaseRouter.swift */; };
		0007C229253AF732006B6906 /* MovieDetailsCell.swift in Sources */ = {isa = PBXBuildFile; fileRef = 0007C228253AF732006B6906 /* MovieDetailsCell.swift */; };
		0007C22C253B01EB006B6906 /* MovieDetailsViewModel.swift in Sources */ = {isa = PBXBuildFile; fileRef = 0007C22B253B01EB006B6906 /* MovieDetailsViewModel.swift */; };
		0007C230253B0327006B6906 /* MovieDetailsResponse.swift in Sources */ = {isa = PBXBuildFile; fileRef = 0007C22F253B0327006B6906 /* MovieDetailsResponse.swift */; };
		0007C234253B22E6006B6906 /* MovieCreditsResponse.swift in Sources */ = {isa = PBXBuildFile; fileRef = 0007C233253B22E6006B6906 /* MovieCreditsResponse.swift */; };
		0007C237253B2312006B6906 /* Cast.swift in Sources */ = {isa = PBXBuildFile; fileRef = 0007C236253B2312006B6906 /* Cast.swift */; };
		0007C23C253B2655006B6906 /* MovieCastCell.swift in Sources */ = {isa = PBXBuildFile; fileRef = 0007C23B253B2655006B6906 /* MovieCastCell.swift */; };
		006AF0882538C0B800F483A8 /* Environment.swift in Sources */ = {isa = PBXBuildFile; fileRef = 006AF0872538C0B800F483A8 /* Environment.swift */; };
		006AF08D2538C18100F483A8 /* URLQueryItem+Extension.swift in Sources */ = {isa = PBXBuildFile; fileRef = 006AF08C2538C18100F483A8 /* URLQueryItem+Extension.swift */; };
		006AF09E2538C71B00F483A8 /* MoviesService.swift in Sources */ = {isa = PBXBuildFile; fileRef = 006AF09D2538C71B00F483A8 /* MoviesService.swift */; };
		006AF0A52538D5C900F483A8 /* SearchTableViewCell.swift in Sources */ = {isa = PBXBuildFile; fileRef = 006AF0A42538D5C900F483A8 /* SearchTableViewCell.swift */; };
		006AF0A92538DFD800F483A8 /* UIImageView+Extension.swift in Sources */ = {isa = PBXBuildFile; fileRef = 006AF0A82538DFD800F483A8 /* UIImageView+Extension.swift */; };
		006AF0AD253A091300F483A8 /* SearchService.swift in Sources */ = {isa = PBXBuildFile; fileRef = 006AF0AC253A091300F483A8 /* SearchService.swift */; };
		006AF0B0253A15C100F483A8 /* Person.swift in Sources */ = {isa = PBXBuildFile; fileRef = 006AF0AF253A15C100F483A8 /* Person.swift */; };
		006AF0B3253A16C500F483A8 /* PeopleResponse.swift in Sources */ = {isa = PBXBuildFile; fileRef = 006AF0B2253A16C500F483A8 /* PeopleResponse.swift */; };
		0071FEEF2538BAA8006E321A /* HTTPMethod.swift in Sources */ = {isa = PBXBuildFile; fileRef = 0071FEEE2538BAA8006E321A /* HTTPMethod.swift */; };
		0071FEF22538BACD006E321A /* NetworkError.swift in Sources */ = {isa = PBXBuildFile; fileRef = 0071FEF12538BACD006E321A /* NetworkError.swift */; };
		0071FEF62538BB6C006E321A /* NetworkManager.swift in Sources */ = {isa = PBXBuildFile; fileRef = 0071FEF52538BB6C006E321A /* NetworkManager.swift */; };
		0071FEFB2538BC5C006E321A /* NetworkServices.swift in Sources */ = {isa = PBXBuildFile; fileRef = 0071FEFA2538BC5C006E321A /* NetworkServices.swift */; };
		0071FEFE2538BC73006E321A /* Result.swift in Sources */ = {isa = PBXBuildFile; fileRef = 0071FEFD2538BC73006E321A /* Result.swift */; };
		0071FF022538BCAC006E321A /* NetworkProtocol.swift in Sources */ = {isa = PBXBuildFile; fileRef = 0071FF012538BCAC006E321A /* NetworkProtocol.swift */; };
		0075987E2534CAD700A1646E /* AppDelegate.swift in Sources */ = {isa = PBXBuildFile; fileRef = 0075987D2534CAD700A1646E /* AppDelegate.swift */; };
		007598822534CAD700A1646E /* HomeViewController.swift in Sources */ = {isa = PBXBuildFile; fileRef = 007598812534CAD700A1646E /* HomeViewController.swift */; };
		007598872534CAD800A1646E /* Assets.xcassets in Resources */ = {isa = PBXBuildFile; fileRef = 007598862534CAD800A1646E /* Assets.xcassets */; };
		0075988A2534CAD800A1646E /* LaunchScreen.storyboard in Resources */ = {isa = PBXBuildFile; fileRef = 007598882534CAD800A1646E /* LaunchScreen.storyboard */; };
		007598982534CEEB00A1646E /* BaseViewController.swift in Sources */ = {isa = PBXBuildFile; fileRef = 007598972534CEEB00A1646E /* BaseViewController.swift */; };
		0075989E2534D49400A1646E /* BaseViewModel.swift in Sources */ = {isa = PBXBuildFile; fileRef = 0075989D2534D49400A1646E /* BaseViewModel.swift */; };
		007598A22534D4C000A1646E /* StatefulViewModel.swift in Sources */ = {isa = PBXBuildFile; fileRef = 007598A12534D4C000A1646E /* StatefulViewModel.swift */; };
		007598A72534D65C00A1646E /* HomeViewModel.swift in Sources */ = {isa = PBXBuildFile; fileRef = 007598A62534D65C00A1646E /* HomeViewModel.swift */; };
		00AC8DFA2534EBB800E09C5F /* MoviesResponse.swift in Sources */ = {isa = PBXBuildFile; fileRef = 00AC8DF92534EBB800E09C5F /* MoviesResponse.swift */; };
		00AC8DFD2534EBED00E09C5F /* Movie.swift in Sources */ = {isa = PBXBuildFile; fileRef = 00AC8DFC2534EBED00E09C5F /* Movie.swift */; };
/* End PBXBuildFile section */

/* Begin PBXFileReference section */
		0007C20D253ABFAD006B6906 /* UITableView+Extension.swift */ = {isa = PBXFileReference; lastKnownFileType = sourcecode.swift; path = "UITableView+Extension.swift"; sourceTree = "<group>"; };
		0007C21C253ADD79006B6906 /* MovieDetailsViewController.swift */ = {isa = PBXFileReference; lastKnownFileType = sourcecode.swift; path = MovieDetailsViewController.swift; sourceTree = "<group>"; };
		0007C21F253AE613006B6906 /* HomeRouter.swift */ = {isa = PBXFileReference; lastKnownFileType = sourcecode.swift; path = HomeRouter.swift; sourceTree = "<group>"; };
		0007C223253AE64E006B6906 /* BaseRouter.swift */ = {isa = PBXFileReference; lastKnownFileType = sourcecode.swift; path = BaseRouter.swift; sourceTree = "<group>"; };
		0007C228253AF732006B6906 /* MovieDetailsCell.swift */ = {isa = PBXFileReference; lastKnownFileType = sourcecode.swift; path = MovieDetailsCell.swift; sourceTree = "<group>"; };
		0007C22B253B01EB006B6906 /* MovieDetailsViewModel.swift */ = {isa = PBXFileReference; lastKnownFileType = sourcecode.swift; path = MovieDetailsViewModel.swift; sourceTree = "<group>"; };
		0007C22F253B0327006B6906 /* MovieDetailsResponse.swift */ = {isa = PBXFileReference; lastKnownFileType = sourcecode.swift; path = MovieDetailsResponse.swift; sourceTree = "<group>"; };
		0007C233253B22E6006B6906 /* MovieCreditsResponse.swift */ = {isa = PBXFileReference; lastKnownFileType = sourcecode.swift; path = MovieCreditsResponse.swift; sourceTree = "<group>"; };
		0007C236253B2312006B6906 /* Cast.swift */ = {isa = PBXFileReference; lastKnownFileType = sourcecode.swift; path = Cast.swift; sourceTree = "<group>"; };
		0007C23B253B2655006B6906 /* MovieCastCell.swift */ = {isa = PBXFileReference; lastKnownFileType = sourcecode.swift; path = MovieCastCell.swift; sourceTree = "<group>"; };
		006AF0872538C0B800F483A8 /* Environment.swift */ = {isa = PBXFileReference; lastKnownFileType = sourcecode.swift; path = Environment.swift; sourceTree = "<group>"; };
		006AF08C2538C18100F483A8 /* URLQueryItem+Extension.swift */ = {isa = PBXFileReference; lastKnownFileType = sourcecode.swift; path = "URLQueryItem+Extension.swift"; sourceTree = "<group>"; };
		006AF09D2538C71B00F483A8 /* MoviesService.swift */ = {isa = PBXFileReference; lastKnownFileType = sourcecode.swift; path = MoviesService.swift; sourceTree = "<group>"; };
		006AF0A42538D5C900F483A8 /* SearchTableViewCell.swift */ = {isa = PBXFileReference; lastKnownFileType = sourcecode.swift; path = SearchTableViewCell.swift; sourceTree = "<group>"; };
		006AF0A82538DFD800F483A8 /* UIImageView+Extension.swift */ = {isa = PBXFileReference; lastKnownFileType = sourcecode.swift; path = "UIImageView+Extension.swift"; sourceTree = "<group>"; };
		006AF0AC253A091300F483A8 /* SearchService.swift */ = {isa = PBXFileReference; lastKnownFileType = sourcecode.swift; path = SearchService.swift; sourceTree = "<group>"; };
		006AF0AF253A15C100F483A8 /* Person.swift */ = {isa = PBXFileReference; lastKnownFileType = sourcecode.swift; path = Person.swift; sourceTree = "<group>"; };
		006AF0B2253A16C500F483A8 /* PeopleResponse.swift */ = {isa = PBXFileReference; lastKnownFileType = sourcecode.swift; path = PeopleResponse.swift; sourceTree = "<group>"; };
		0071FEEE2538BAA8006E321A /* HTTPMethod.swift */ = {isa = PBXFileReference; lastKnownFileType = sourcecode.swift; path = HTTPMethod.swift; sourceTree = "<group>"; };
		0071FEF12538BACD006E321A /* NetworkError.swift */ = {isa = PBXFileReference; lastKnownFileType = sourcecode.swift; path = NetworkError.swift; sourceTree = "<group>"; };
		0071FEF52538BB6C006E321A /* NetworkManager.swift */ = {isa = PBXFileReference; lastKnownFileType = sourcecode.swift; path = NetworkManager.swift; sourceTree = "<group>"; };
		0071FEFA2538BC5C006E321A /* NetworkServices.swift */ = {isa = PBXFileReference; lastKnownFileType = sourcecode.swift; path = NetworkServices.swift; sourceTree = "<group>"; };
		0071FEFD2538BC73006E321A /* Result.swift */ = {isa = PBXFileReference; lastKnownFileType = sourcecode.swift; path = Result.swift; sourceTree = "<group>"; };
		0071FF012538BCAC006E321A /* NetworkProtocol.swift */ = {isa = PBXFileReference; lastKnownFileType = sourcecode.swift; path = NetworkProtocol.swift; sourceTree = "<group>"; };
		0075987A2534CAD700A1646E /* TheMovies.app */ = {isa = PBXFileReference; explicitFileType = wrapper.application; includeInIndex = 0; path = TheMovies.app; sourceTree = BUILT_PRODUCTS_DIR; };
		0075987D2534CAD700A1646E /* AppDelegate.swift */ = {isa = PBXFileReference; lastKnownFileType = sourcecode.swift; path = AppDelegate.swift; sourceTree = "<group>"; };
		007598812534CAD700A1646E /* HomeViewController.swift */ = {isa = PBXFileReference; lastKnownFileType = sourcecode.swift; path = HomeViewController.swift; sourceTree = "<group>"; };
		007598862534CAD800A1646E /* Assets.xcassets */ = {isa = PBXFileReference; lastKnownFileType = folder.assetcatalog; path = Assets.xcassets; sourceTree = "<group>"; };
		007598892534CAD800A1646E /* Base */ = {isa = PBXFileReference; lastKnownFileType = file.storyboard; name = Base; path = Base.lproj/LaunchScreen.storyboard; sourceTree = "<group>"; };
		0075988B2534CAD800A1646E /* Info.plist */ = {isa = PBXFileReference; lastKnownFileType = text.plist.xml; path = Info.plist; sourceTree = "<group>"; };
		007598972534CEEB00A1646E /* BaseViewController.swift */ = {isa = PBXFileReference; lastKnownFileType = sourcecode.swift; path = BaseViewController.swift; sourceTree = "<group>"; };
		0075989D2534D49400A1646E /* BaseViewModel.swift */ = {isa = PBXFileReference; lastKnownFileType = sourcecode.swift; path = BaseViewModel.swift; sourceTree = "<group>"; };
		007598A12534D4C000A1646E /* StatefulViewModel.swift */ = {isa = PBXFileReference; lastKnownFileType = sourcecode.swift; path = StatefulViewModel.swift; sourceTree = "<group>"; };
		007598A62534D65C00A1646E /* HomeViewModel.swift */ = {isa = PBXFileReference; lastKnownFileType = sourcecode.swift; path = HomeViewModel.swift; sourceTree = "<group>"; };
		00AC8DF92534EBB800E09C5F /* MoviesResponse.swift */ = {isa = PBXFileReference; lastKnownFileType = sourcecode.swift; path = MoviesResponse.swift; sourceTree = "<group>"; };
		00AC8DFC2534EBED00E09C5F /* Movie.swift */ = {isa = PBXFileReference; lastKnownFileType = sourcecode.swift; path = Movie.swift; sourceTree = "<group>"; };
/* End PBXFileReference section */

/* Begin PBXFrameworksBuildPhase section */
		007598772534CAD700A1646E /* Frameworks */ = {
			isa = PBXFrameworksBuildPhase;
			buildActionMask = 2147483647;
			files = (
			);
			runOnlyForDeploymentPostprocessing = 0;
		};
/* End PBXFrameworksBuildPhase section */

/* Begin PBXGroup section */
		0007C21B253ADD68006B6906 /* MovieDetails */ = {
			isa = PBXGroup;
			children = (
				0007C21C253ADD79006B6906 /* MovieDetailsViewController.swift */,
				0007C22B253B01EB006B6906 /* MovieDetailsViewModel.swift */,
				0007C227253AF70B006B6906 /* View */,
			);
			path = MovieDetails;
			sourceTree = "<group>";
		};
		0007C222253AE643006B6906 /* Router */ = {
			isa = PBXGroup;
			children = (
				0007C223253AE64E006B6906 /* BaseRouter.swift */,
			);
			path = Router;
			sourceTree = "<group>";
		};
		0007C227253AF70B006B6906 /* View */ = {
			isa = PBXGroup;
			children = (
				0007C228253AF732006B6906 /* MovieDetailsCell.swift */,
				0007C23B253B2655006B6906 /* MovieCastCell.swift */,
			);
			path = View;
			sourceTree = "<group>";
		};
		0038309C2534E49D00B7C925 /* ViewController */ = {
			isa = PBXGroup;
			children = (
				007598972534CEEB00A1646E /* BaseViewController.swift */,
			);
			path = ViewController;
			sourceTree = "<group>";
		};
		0038309D2534E4C300B7C925 /* Network */ = {
			isa = PBXGroup;
			children = (
				0071FEEE2538BAA8006E321A /* HTTPMethod.swift */,
				0071FEF12538BACD006E321A /* NetworkError.swift */,
				0071FEF52538BB6C006E321A /* NetworkManager.swift */,
				0071FF012538BCAC006E321A /* NetworkProtocol.swift */,
				0071FEFA2538BC5C006E321A /* NetworkServices.swift */,
				0071FEFD2538BC73006E321A /* Result.swift */,
				0071FEEB2538B989006E321A /* Models */,
				006AF09C2538C70700F483A8 /* Services */,
			);
			path = Network;
			sourceTree = "<group>";
		};
		006AF0862538C0A800F483A8 /* Environment */ = {
			isa = PBXGroup;
			children = (
				006AF0872538C0B800F483A8 /* Environment.swift */,
			);
			path = Environment;
			sourceTree = "<group>";
		};
		006AF08B2538C17100F483A8 /* Utils */ = {
			isa = PBXGroup;
			children = (
				006AF0942538C1B400F483A8 /* Extensions */,
			);
			path = Utils;
			sourceTree = "<group>";
		};
		006AF0942538C1B400F483A8 /* Extensions */ = {
			isa = PBXGroup;
			children = (
				006AF0A82538DFD800F483A8 /* UIImageView+Extension.swift */,
				0007C20D253ABFAD006B6906 /* UITableView+Extension.swift */,
				006AF08C2538C18100F483A8 /* URLQueryItem+Extension.swift */,
			);
			path = Extensions;
			sourceTree = "<group>";
		};
		006AF09C2538C70700F483A8 /* Services */ = {
			isa = PBXGroup;
			children = (
				006AF09D2538C71B00F483A8 /* MoviesService.swift */,
				006AF0AC253A091300F483A8 /* SearchService.swift */,
			);
			path = Services;
			sourceTree = "<group>";
		};
		006AF0A32538D5BA00F483A8 /* View */ = {
			isa = PBXGroup;
			children = (
				006AF0A42538D5C900F483A8 /* SearchTableViewCell.swift */,
			);
			path = View;
			sourceTree = "<group>";
		};
		0071FEEB2538B989006E321A /* Models */ = {
			isa = PBXGroup;
			children = (
				0071FEED2538B9A2006E321A /* Response */,
				0071FEEC2538B996006E321A /* DataModels */,
			);
			path = Models;
			sourceTree = "<group>";
		};
		0071FEEC2538B996006E321A /* DataModels */ = {
			isa = PBXGroup;
			children = (
				0007C236253B2312006B6906 /* Cast.swift */,
				00AC8DFC2534EBED00E09C5F /* Movie.swift */,
				006AF0AF253A15C100F483A8 /* Person.swift */,
			);
			path = DataModels;
			sourceTree = "<group>";
		};
		0071FEED2538B9A2006E321A /* Response */ = {
			isa = PBXGroup;
			children = (
				0007C233253B22E6006B6906 /* MovieCreditsResponse.swift */,
				0007C22F253B0327006B6906 /* MovieDetailsResponse.swift */,
				00AC8DF92534EBB800E09C5F /* MoviesResponse.swift */,
				006AF0B2253A16C500F483A8 /* PeopleResponse.swift */,
			);
			path = Response;
			sourceTree = "<group>";
		};
		007598712534CAD700A1646E = {
			isa = PBXGroup;
			children = (
				0075987C2534CAD700A1646E /* TheMovies */,
				0075987B2534CAD700A1646E /* Products */,
			);
			sourceTree = "<group>";
		};
		0075987B2534CAD700A1646E /* Products */ = {
			isa = PBXGroup;
			children = (
				0075987A2534CAD700A1646E /* TheMovies.app */,
			);
			name = Products;
			sourceTree = "<group>";
		};
		0075987C2534CAD700A1646E /* TheMovies */ = {
			isa = PBXGroup;
			children = (
				0075988B2534CAD800A1646E /* Info.plist */,
				0075987D2534CAD700A1646E /* AppDelegate.swift */,
				007598862534CAD800A1646E /* Assets.xcassets */,
				007598962534CED200A1646E /* Base */,
				006AF0862538C0A800F483A8 /* Environment */,
				007598882534CAD800A1646E /* LaunchScreen.storyboard */,
				0038309D2534E4C300B7C925 /* Network */,
				007598A42534D64200A1646E /* Scenes */,
				006AF08B2538C17100F483A8 /* Utils */,
			);
			path = TheMovies;
			sourceTree = "<group>";
		};
		007598962534CED200A1646E /* Base */ = {
			isa = PBXGroup;
			children = (
				0007C222253AE643006B6906 /* Router */,
				0038309C2534E49D00B7C925 /* ViewController */,
				0075989C2534D48700A1646E /* ViewModel */,
			);
			path = Base;
			sourceTree = "<group>";
		};
		0075989C2534D48700A1646E /* ViewModel */ = {
			isa = PBXGroup;
			children = (
				0075989D2534D49400A1646E /* BaseViewModel.swift */,
				007598A12534D4C000A1646E /* StatefulViewModel.swift */,
			);
			path = ViewModel;
			sourceTree = "<group>";
		};
		007598A42534D64200A1646E /* Scenes */ = {
			isa = PBXGroup;
			children = (
				007598A52534D64F00A1646E /* Home */,
				0007C21B253ADD68006B6906 /* MovieDetails */,
			);
			path = Scenes;
			sourceTree = "<group>";
		};
		007598A52534D64F00A1646E /* Home */ = {
			isa = PBXGroup;
			children = (
				0007C21F253AE613006B6906 /* HomeRouter.swift */,
				007598812534CAD700A1646E /* HomeViewController.swift */,
				007598A62534D65C00A1646E /* HomeViewModel.swift */,
				006AF0A32538D5BA00F483A8 /* View */,
			);
			path = Home;
			sourceTree = "<group>";
		};
/* End PBXGroup section */

/* Begin PBXNativeTarget section */
		007598792534CAD700A1646E /* TheMovies */ = {
			isa = PBXNativeTarget;
			buildConfigurationList = 0075988E2534CAD800A1646E /* Build configuration list for PBXNativeTarget "TheMovies" */;
			buildPhases = (
				007598762534CAD700A1646E /* Sources */,
				007598772534CAD700A1646E /* Frameworks */,
				007598782534CAD700A1646E /* Resources */,
			);
			buildRules = (
			);
			dependencies = (
			);
			name = TheMovies;
			productName = TheMovies;
			productReference = 0075987A2534CAD700A1646E /* TheMovies.app */;
			productType = "com.apple.product-type.application";
		};
/* End PBXNativeTarget section */

/* Begin PBXProject section */
		007598722534CAD700A1646E /* Project object */ = {
			isa = PBXProject;
			attributes = {
				LastSwiftUpdateCheck = 1200;
				LastUpgradeCheck = 1200;
				TargetAttributes = {
					007598792534CAD700A1646E = {
						CreatedOnToolsVersion = 12.0.1;
					};
				};
			};
			buildConfigurationList = 007598752534CAD700A1646E /* Build configuration list for PBXProject "TheMovies" */;
			compatibilityVersion = "Xcode 9.3";
			developmentRegion = en;
			hasScannedForEncodings = 0;
			knownRegions = (
				en,
				Base,
			);
			mainGroup = 007598712534CAD700A1646E;
			productRefGroup = 0075987B2534CAD700A1646E /* Products */;
			projectDirPath = "";
			projectRoot = "";
			targets = (
				007598792534CAD700A1646E /* TheMovies */,
			);
		};
/* End PBXProject section */

/* Begin PBXResourcesBuildPhase section */
		007598782534CAD700A1646E /* Resources */ = {
			isa = PBXResourcesBuildPhase;
			buildActionMask = 2147483647;
			files = (
				0075988A2534CAD800A1646E /* LaunchScreen.storyboard in Resources */,
				007598872534CAD800A1646E /* Assets.xcassets in Resources */,
			);
			runOnlyForDeploymentPostprocessing = 0;
		};
/* End PBXResourcesBuildPhase section */

/* Begin PBXSourcesBuildPhase section */
		007598762534CAD700A1646E /* Sources */ = {
			isa = PBXSourcesBuildPhase;
			buildActionMask = 2147483647;
			files = (
				0007C22C253B01EB006B6906 /* MovieDetailsViewModel.swift in Sources */,
				0007C230253B0327006B6906 /* MovieDetailsResponse.swift in Sources */,
				007598A22534D4C000A1646E /* StatefulViewModel.swift in Sources */,
				0071FEFE2538BC73006E321A /* Result.swift in Sources */,
				006AF0A52538D5C900F483A8 /* SearchTableViewCell.swift in Sources */,
				007598A72534D65C00A1646E /* HomeViewModel.swift in Sources */,
				00AC8DFA2534EBB800E09C5F /* MoviesResponse.swift in Sources */,
				006AF0882538C0B800F483A8 /* Environment.swift in Sources */,
				0007C234253B22E6006B6906 /* MovieCreditsResponse.swift in Sources */,
				006AF08D2538C18100F483A8 /* URLQueryItem+Extension.swift in Sources */,
				0007C224253AE64E006B6906 /* BaseRouter.swift in Sources */,
				007598822534CAD700A1646E /* HomeViewController.swift in Sources */,
				0007C21D253ADD79006B6906 /* MovieDetailsViewController.swift in Sources */,
				0071FEF62538BB6C006E321A /* NetworkManager.swift in Sources */,
				0071FEF22538BACD006E321A /* NetworkError.swift in Sources */,
				0071FEFB2538BC5C006E321A /* NetworkServices.swift in Sources */,
				0075989E2534D49400A1646E /* BaseViewModel.swift in Sources */,
				0071FEEF2538BAA8006E321A /* HTTPMethod.swift in Sources */,
				0007C237253B2312006B6906 /* Cast.swift in Sources */,
				0007C220253AE613006B6906 /* HomeRouter.swift in Sources */,
				0071FF022538BCAC006E321A /* NetworkProtocol.swift in Sources */,
				006AF09E2538C71B00F483A8 /* MoviesService.swift in Sources */,
				007598982534CEEB00A1646E /* BaseViewController.swift in Sources */,
				006AF0A92538DFD800F483A8 /* UIImageView+Extension.swift in Sources */,
				0007C20E253ABFAD006B6906 /* UITableView+Extension.swift in Sources */,
				0007C23C253B2655006B6906 /* MovieCastCell.swift in Sources */,
				006AF0AD253A091300F483A8 /* SearchService.swift in Sources */,
				006AF0B0253A15C100F483A8 /* Person.swift in Sources */,
				006AF0B3253A16C500F483A8 /* PeopleResponse.swift in Sources */,
				0007C229253AF732006B6906 /* MovieDetailsCell.swift in Sources */,
				00AC8DFD2534EBED00E09C5F /* Movie.swift in Sources */,
				0075987E2534CAD700A1646E /* AppDelegate.swift in Sources */,
			);
			runOnlyForDeploymentPostprocessing = 0;
		};
/* End PBXSourcesBuildPhase section */

/* Begin PBXVariantGroup section */
		007598882534CAD800A1646E /* LaunchScreen.storyboard */ = {
			isa = PBXVariantGroup;
			children = (
				007598892534CAD800A1646E /* Base */,
			);
			name = LaunchScreen.storyboard;
			sourceTree = "<group>";
		};
/* End PBXVariantGroup section */

/* Begin XCBuildConfiguration section */
		0075988C2534CAD800A1646E /* Debug */ = {
			isa = XCBuildConfiguration;
			buildSettings = {
				ALWAYS_SEARCH_USER_PATHS = NO;
				CLANG_ANALYZER_NONNULL = YES;
				CLANG_ANALYZER_NUMBER_OBJECT_CONVERSION = YES_AGGRESSIVE;
				CLANG_CXX_LANGUAGE_STANDARD = "gnu++14";
				CLANG_CXX_LIBRARY = "libc++";
				CLANG_ENABLE_MODULES = YES;
				CLANG_ENABLE_OBJC_ARC = YES;
				CLANG_ENABLE_OBJC_WEAK = YES;
				CLANG_WARN_BLOCK_CAPTURE_AUTORELEASING = YES;
				CLANG_WARN_BOOL_CONVERSION = YES;
				CLANG_WARN_COMMA = YES;
				CLANG_WARN_CONSTANT_CONVERSION = YES;
				CLANG_WARN_DEPRECATED_OBJC_IMPLEMENTATIONS = YES;
				CLANG_WARN_DIRECT_OBJC_ISA_USAGE = YES_ERROR;
				CLANG_WARN_DOCUMENTATION_COMMENTS = YES;
				CLANG_WARN_EMPTY_BODY = YES;
				CLANG_WARN_ENUM_CONVERSION = YES;
				CLANG_WARN_INFINITE_RECURSION = YES;
				CLANG_WARN_INT_CONVERSION = YES;
				CLANG_WARN_NON_LITERAL_NULL_CONVERSION = YES;
				CLANG_WARN_OBJC_IMPLICIT_RETAIN_SELF = YES;
				CLANG_WARN_OBJC_LITERAL_CONVERSION = YES;
				CLANG_WARN_OBJC_ROOT_CLASS = YES_ERROR;
				CLANG_WARN_QUOTED_INCLUDE_IN_FRAMEWORK_HEADER = YES;
				CLANG_WARN_RANGE_LOOP_ANALYSIS = YES;
				CLANG_WARN_STRICT_PROTOTYPES = YES;
				CLANG_WARN_SUSPICIOUS_MOVE = YES;
				CLANG_WARN_UNGUARDED_AVAILABILITY = YES_AGGRESSIVE;
				CLANG_WARN_UNREACHABLE_CODE = YES;
				CLANG_WARN__DUPLICATE_METHOD_MATCH = YES;
				COPY_PHASE_STRIP = NO;
				DEBUG_INFORMATION_FORMAT = dwarf;
				ENABLE_STRICT_OBJC_MSGSEND = YES;
				ENABLE_TESTABILITY = YES;
				GCC_C_LANGUAGE_STANDARD = gnu11;
				GCC_DYNAMIC_NO_PIC = NO;
				GCC_NO_COMMON_BLOCKS = YES;
				GCC_OPTIMIZATION_LEVEL = 0;
				GCC_PREPROCESSOR_DEFINITIONS = (
					"DEBUG=1",
					"$(inherited)",
				);
				GCC_WARN_64_TO_32_BIT_CONVERSION = YES;
				GCC_WARN_ABOUT_RETURN_TYPE = YES_ERROR;
				GCC_WARN_UNDECLARED_SELECTOR = YES;
				GCC_WARN_UNINITIALIZED_AUTOS = YES_AGGRESSIVE;
				GCC_WARN_UNUSED_FUNCTION = YES;
				GCC_WARN_UNUSED_VARIABLE = YES;
				IPHONEOS_DEPLOYMENT_TARGET = 10.0;
				MTL_ENABLE_DEBUG_INFO = INCLUDE_SOURCE;
				MTL_FAST_MATH = YES;
				ONLY_ACTIVE_ARCH = YES;
				SDKROOT = iphoneos;
				SWIFT_ACTIVE_COMPILATION_CONDITIONS = DEBUG;
				SWIFT_OPTIMIZATION_LEVEL = "-Onone";
			};
			name = Debug;
		};
		0075988D2534CAD800A1646E /* Release */ = {
			isa = XCBuildConfiguration;
			buildSettings = {
				ALWAYS_SEARCH_USER_PATHS = NO;
				CLANG_ANALYZER_NONNULL = YES;
				CLANG_ANALYZER_NUMBER_OBJECT_CONVERSION = YES_AGGRESSIVE;
				CLANG_CXX_LANGUAGE_STANDARD = "gnu++14";
				CLANG_CXX_LIBRARY = "libc++";
				CLANG_ENABLE_MODULES = YES;
				CLANG_ENABLE_OBJC_ARC = YES;
				CLANG_ENABLE_OBJC_WEAK = YES;
				CLANG_WARN_BLOCK_CAPTURE_AUTORELEASING = YES;
				CLANG_WARN_BOOL_CONVERSION = YES;
				CLANG_WARN_COMMA = YES;
				CLANG_WARN_CONSTANT_CONVERSION = YES;
				CLANG_WARN_DEPRECATED_OBJC_IMPLEMENTATIONS = YES;
				CLANG_WARN_DIRECT_OBJC_ISA_USAGE = YES_ERROR;
				CLANG_WARN_DOCUMENTATION_COMMENTS = YES;
				CLANG_WARN_EMPTY_BODY = YES;
				CLANG_WARN_ENUM_CONVERSION = YES;
				CLANG_WARN_INFINITE_RECURSION = YES;
				CLANG_WARN_INT_CONVERSION = YES;
				CLANG_WARN_NON_LITERAL_NULL_CONVERSION = YES;
				CLANG_WARN_OBJC_IMPLICIT_RETAIN_SELF = YES;
				CLANG_WARN_OBJC_LITERAL_CONVERSION = YES;
				CLANG_WARN_OBJC_ROOT_CLASS = YES_ERROR;
				CLANG_WARN_QUOTED_INCLUDE_IN_FRAMEWORK_HEADER = YES;
				CLANG_WARN_RANGE_LOOP_ANALYSIS = YES;
				CLANG_WARN_STRICT_PROTOTYPES = YES;
				CLANG_WARN_SUSPICIOUS_MOVE = YES;
				CLANG_WARN_UNGUARDED_AVAILABILITY = YES_AGGRESSIVE;
				CLANG_WARN_UNREACHABLE_CODE = YES;
				CLANG_WARN__DUPLICATE_METHOD_MATCH = YES;
				COPY_PHASE_STRIP = NO;
				DEBUG_INFORMATION_FORMAT = "dwarf-with-dsym";
				ENABLE_NS_ASSERTIONS = NO;
				ENABLE_STRICT_OBJC_MSGSEND = YES;
				GCC_C_LANGUAGE_STANDARD = gnu11;
				GCC_NO_COMMON_BLOCKS = YES;
				GCC_WARN_64_TO_32_BIT_CONVERSION = YES;
				GCC_WARN_ABOUT_RETURN_TYPE = YES_ERROR;
				GCC_WARN_UNDECLARED_SELECTOR = YES;
				GCC_WARN_UNINITIALIZED_AUTOS = YES_AGGRESSIVE;
				GCC_WARN_UNUSED_FUNCTION = YES;
				GCC_WARN_UNUSED_VARIABLE = YES;
				IPHONEOS_DEPLOYMENT_TARGET = 10.0;
				MTL_ENABLE_DEBUG_INFO = NO;
				MTL_FAST_MATH = YES;
				SDKROOT = iphoneos;
				SWIFT_COMPILATION_MODE = wholemodule;
				SWIFT_OPTIMIZATION_LEVEL = "-O";
				VALIDATE_PRODUCT = YES;
			};
			name = Release;
		};
		0075988F2534CAD800A1646E /* Debug */ = {
			isa = XCBuildConfiguration;
			buildSettings = {
				ASSETCATALOG_COMPILER_APPICON_NAME = AppIcon;
				ASSETCATALOG_COMPILER_GLOBAL_ACCENT_COLOR_NAME = AccentColor;
				CODE_SIGN_STYLE = Automatic;
				DEVELOPMENT_TEAM = F4GB6K2J56;
				INFOPLIST_FILE = TheMovies/Info.plist;
				IPHONEOS_DEPLOYMENT_TARGET = 10.0;
				LD_RUNPATH_SEARCH_PATHS = (
					"$(inherited)",
					"@executable_path/Frameworks",
				);
				PRODUCT_BUNDLE_IDENTIFIER = com.mehmetkoca.TheMovies;
				PRODUCT_NAME = "$(TARGET_NAME)";
				SWIFT_VERSION = 5.0;
				TARGETED_DEVICE_FAMILY = 1;
			};
			name = Debug;
		};
		007598902534CAD800A1646E /* Release */ = {
			isa = XCBuildConfiguration;
			buildSettings = {
				ASSETCATALOG_COMPILER_APPICON_NAME = AppIcon;
				ASSETCATALOG_COMPILER_GLOBAL_ACCENT_COLOR_NAME = AccentColor;
				CODE_SIGN_STYLE = Automatic;
				DEVELOPMENT_TEAM = F4GB6K2J56;
				INFOPLIST_FILE = TheMovies/Info.plist;
				IPHONEOS_DEPLOYMENT_TARGET = 10.0;
				LD_RUNPATH_SEARCH_PATHS = (
					"$(inherited)",
					"@executable_path/Frameworks",
				);
				PRODUCT_BUNDLE_IDENTIFIER = com.mehmetkoca.TheMovies;
				PRODUCT_NAME = "$(TARGET_NAME)";
				SWIFT_VERSION = 5.0;
				TARGETED_DEVICE_FAMILY = 1;
			};
			name = Release;
		};
/* End XCBuildConfiguration section */

/* Begin XCConfigurationList section */
		007598752534CAD700A1646E /* Build configuration list for PBXProject "TheMovies" */ = {
			isa = XCConfigurationList;
			buildConfigurations = (
				0075988C2534CAD800A1646E /* Debug */,
				0075988D2534CAD800A1646E /* Release */,
			);
			defaultConfigurationIsVisible = 0;
			defaultConfigurationName = Release;
		};
		0075988E2534CAD800A1646E /* Build configuration list for PBXNativeTarget "TheMovies" */ = {
			isa = XCConfigurationList;
			buildConfigurations = (
				0075988F2534CAD800A1646E /* Debug */,
				007598902534CAD800A1646E /* Release */,
			);
			defaultConfigurationIsVisible = 0;
			defaultConfigurationName = Release;
		};
/* End XCConfigurationList section */
	};
	rootObject = 007598722534CAD700A1646E /* Project object */;
}
